
Microsoft Visual Studio Solution File, Format Version 12.00
# Visual Studio Version 16
VisualStudioVersion = 16.0.30717.126
MinimumVisualStudioVersion = 10.0.40219.1
Project("{8BC9CEB8-8B4A-11D0-8D11-00A0C91BC942}") = "driver", "driver\driver.vcxproj", "{034960E6-0AA5-4148-9217-89E46627CC4A}"
	ProjectSection(ProjectDependencies) = postProject
		{8CD4BB51-AD07-4903-862F-4E165824BAD9} = {8CD4BB51-AD07-4903-862F-4E165824BAD9}
		{C28EB08A-AE4E-4994-9C90-E19F8AE3341D} = {C28EB08A-AE4E-4994-9C90-E19F8AE3341D}
	EndProjectSection
EndProject
Project("{8BC9CEB8-8B4A-11D0-8D11-00A0C91BC942}") = "core", "core\core.vcxproj", "{C28EB08A-AE4E-4994-9C90-E19F8AE3341D}"
EndProject
Project("{8BC9CEB8-8B4A-11D0-8D11-00A0C91BC942}") = "ai", "ai\ai.vcxproj", "{8CD4BB51-AD07-4903-862F-4E165824BAD9}"
	ProjectSection(ProjectDependencies) = postProject
		{C28EB08A-AE4E-4994-9C90-E19F8AE3341D} = {C28EB08A-AE4E-4994-9C90-E19F8AE3341D}
	EndProjectSection
EndProject
Global
	GlobalSection(SolutionConfigurationPlatforms) = preSolution
		Debug|x64 = Debug|x64
		Debug|x86 = Debug|x86
		Release|x64 = Release|x64
		Release|x86 = Release|x86
	EndGlobalSection
	GlobalSection(ProjectConfigurationPlatforms) = postSolution
		{034960E6-0AA5-4148-9217-89E46627CC4A}.Debug|x64.ActiveCfg = Debug|x64
		{034960E6-0AA5-4148-9217-89E46627CC4A}.Debug|x64.Build.0 = Debug|x64
		{034960E6-0AA5-4148-9217-89E46627CC4A}.Debug|x86.ActiveCfg = Debug|Win32
		{034960E6-0AA5-4148-9217-89E46627CC4A}.Debug|x86.Build.0 = Debug|Win32
		{034960E6-0AA5-4148-9217-89E46627CC4A}.Release|x64.ActiveCfg = Release|x64
		{034960E6-0AA5-4148-9217-89E46627CC4A}.Release|x64.Build.0 = Release|x64
		{034960E6-0AA5-4148-9217-89E46627CC4A}.Release|x86.ActiveCfg = Release|Win32
		{034960E6-0AA5-4148-9217-89E46627CC4A}.Release|x86.Build.0 = Release|Win32
		{C28EB08A-AE4E-4994-9C90-E19F8AE3341D}.Debug|x64.ActiveCfg = Debug|x64
		{C28EB08A-AE4E-4994-9C90-E19F8AE3341D}.Debug|x64.Build.0 = Debug|x64
		{C28EB08A-AE4E-4994-9C90-E19F8AE3341D}.Debug|x86.ActiveCfg = Debug|Win32
		{C28EB08A-AE4E-4994-9C90-E19F8AE3341D}.Debug|x86.Build.0 = Debug|Win32
		{C28EB08A-AE4E-4994-9C90-E19F8AE3341D}.Release|x64.ActiveCfg = Release|x64
		{C28EB08A-AE4E-4994-9C90-E19F8AE3341D}.Release|x64.Build.0 = Release|x64
		{C28EB08A-AE4E-4994-9C90-E19F8AE3341D}.Release|x86.ActiveCfg = Release|Win32
		{C28EB08A-AE4E-4994-9C90-E19F8AE3341D}.Release|x86.Build.0 = Release|Win32
		{8CD4BB51-AD07-4903-862F-4E165824BAD9}.Debug|x64.ActiveCfg = Debug|x64
		{8CD4BB51-AD07-4903-862F-4E165824BAD9}.Debug|x64.Build.0 = Debug|x64
		{8CD4BB51-AD07-4903-862F-4E165824BAD9}.Debug|x86.ActiveCfg = Debug|Win32
		{8CD4BB51-AD07-4903-862F-4E165824BAD9}.Debug|x86.Build.0 = Debug|Win32
		{8CD4BB51-AD07-4903-862F-4E165824BAD9}.Release|x64.ActiveCfg = Release|x64
		{8CD4BB51-AD07-4903-862F-4E165824BAD9}.Release|x64.Build.0 = Release|x64
		{8CD4BB51-AD07-4903-862F-4E165824BAD9}.Release|x86.ActiveCfg = Release|Win32
		{8CD4BB51-AD07-4903-862F-4E165824BAD9}.Release|x86.Build.0 = Release|Win32
	EndGlobalSection
	GlobalSection(SolutionProperties) = preSolution
		HideSolutionNode = FALSE
	EndGlobalSection
	GlobalSection(ExtensibilityGlobals) = postSolution
		SolutionGuid = {E68634A9-556E-4B29-AB61-6486312CDBA4}
	EndGlobalSection
EndGlobal
