<?xml version="1.0" encoding="utf-8"?>
<Project ToolsVersion="4.0" xmlns="http://schemas.microsoft.com/developer/msbuild/2003">
  <ItemGroup>
    <Filter Include="Source Files">
      <UniqueIdentifier>{4FC737F1-C7A5-4376-A066-2A32D752A2FF}</UniqueIdentifier>
      <Extensions>cpp;c;cc;cxx;c++;cppm;ixx;def;odl;idl;hpj;bat;asm;asmx</Extensions>
    </Filter>
    <Filter Include="Header Files">
      <UniqueIdentifier>{93995380-89BD-4b04-88EB-625FBE52EBFB}</UniqueIdentifier>
      <Extensions>h;hh;hpp;hxx;h++;hm;inl;inc;ipp;xsd</Extensions>
    </Filter>
    <Filter Include="Resource Files">
      <UniqueIdentifier>{67DA6AB6-F800-4c08-8B7A-83BB121AAD01}</UniqueIdentifier>
      <Extensions>rc;ico;cur;bmp;dlg;rc2;rct;bin;rgs;gif;jpg;jpeg;jpe;resx;tiff;tif;png;wav;mfcribbon-ms</Extensions>
    </Filter>
    <Filter Include="Display">
      <UniqueIdentifier>{54e51eae-86f8-4a23-b7ea-d052dbb50549}</UniqueIdentifier>
    </Filter>
    <Filter Include="Game">
      <UniqueIdentifier>{5d23d89c-91b0-448b-afdf-2d47ceb31f3c}</UniqueIdentifier>
    </Filter>
    <Filter Include="Pieces">
      <UniqueIdentifier>{0d237909-d3d8-4ef2-b5fe-f8be4a293baf}</UniqueIdentifier>
    </Filter>
    <Filter Include="Controller">
      <UniqueIdentifier>{d0a2643f-5dc6-45c6-aca4-e937de321d59}</UniqueIdentifier>
    </Filter>
    <Filter Include="Helpers">
      <UniqueIdentifier>{1a811a11-6dcd-4548-acf0-e26c7c6d5a89}</UniqueIdentifier>
    </Filter>
  </ItemGroup>
  <ItemGroup>
    <None Include="cpp.hint" />
  </ItemGroup>
  <ItemGroup>
    <ClInclude Include="framework.h">
      <Filter>Header Files</Filter>
    </ClInclude>
    <ClInclude Include="core.h">
      <Filter>Header Files</Filter>
    </ClInclude>
    <ClInclude Include="pch.h">
      <Filter>Header Files</Filter>
    </ClInclude>
    <ClInclude Include="ColoredConsoleDisplay.h">
      <Filter>Display</Filter>
    </ClInclude>
    <ClInclude Include="DisplayBase.h">
      <Filter>Display</Filter>
    </ClInclude>
    <ClInclude Include="GraphicalDisplay.h">
      <Filter>Display</Filter>
    </ClInclude>
    <ClInclude Include="TetrominoZ.h">
      <Filter>Pieces</Filter>
    </ClInclude>
    <ClInclude Include="TetrominoBase.h">
      <Filter>Pieces</Filter>
    </ClInclude>
    <ClInclude Include="TetrominoI.h">
      <Filter>Pieces</Filter>
    </ClInclude>
    <ClInclude Include="TetrominoJ.h">
      <Filter>Pieces</Filter>
    </ClInclude>
    <ClInclude Include="TetrominoL.h">
      <Filter>Pieces</Filter>
    </ClInclude>
    <ClInclude Include="TetrominoO.h">
      <Filter>Pieces</Filter>
    </ClInclude>
    <ClInclude Include="TetrominoS.h">
      <Filter>Pieces</Filter>
    </ClInclude>
    <ClInclude Include="Tetrominos.hpp">
      <Filter>Pieces</Filter>
    </ClInclude>
    <ClInclude Include="TetrominoT.h">
      <Filter>Pieces</Filter>
    </ClInclude>
    <ClInclude Include="ScoreKeeper.h">
      <Filter>Game</Filter>
    </ClInclude>
    <ClInclude Include="RandomizedBag.h">
      <Filter>Game</Filter>
    </ClInclude>
    <ClInclude Include="Move.h">
      <Filter>Game</Filter>
    </ClInclude>
    <ClInclude Include="Game.h">
      <Filter>Game</Filter>
    </ClInclude>
    <ClInclude Include="KeyboardController.h">
      <Filter>Controller</Filter>
    </ClInclude>
    <ClInclude Include="Controllers.hpp">
      <Filter>Controller</Filter>
    </ClInclude>
    <ClInclude Include="ControllerBase.h">
      <Filter>Controller</Filter>
    </ClInclude>
    <ClInclude Include="Board.h">
      <Filter>Game</Filter>
    </ClInclude>
    <ClInclude Include="Matrix.h">
      <Filter>Pieces</Filter>
    </ClInclude>
    <ClInclude Include="MoveStatePair.h">
      <Filter>Header Files</Filter>
    </ClInclude>
    <ClInclude Include="MoveGenerator.h">
      <Filter>Game</Filter>
    </ClInclude>
    <ClInclude Include="GamePlayer.h">
      <Filter>Game</Filter>
    </ClInclude>
  </ItemGroup>
  <ItemGroup>
    <ClCompile Include="core.cpp">
      <Filter>Source Files</Filter>
    </ClCompile>
    <ClCompile Include="dllmain.cpp">
      <Filter>Source Files</Filter>
    </ClCompile>
    <ClCompile Include="pch.cpp">
      <Filter>Source Files</Filter>
    </ClCompile>
    <ClCompile Include="ColoredConsoleDisplay.cpp">
      <Filter>Display</Filter>
    </ClCompile>
    <ClCompile Include="DisplayBase.cpp">
      <Filter>Display</Filter>
    </ClCompile>
    <ClCompile Include="GraphicalDisplay.cpp">
      <Filter>Display</Filter>
    </ClCompile>
    <ClCompile Include="TetrominoBase.cpp">
      <Filter>Pieces</Filter>
    </ClCompile>
    <ClCompile Include="TetrominoI.cpp">
      <Filter>Pieces</Filter>
    </ClCompile>
    <ClCompile Include="TetrominoJ.cpp">
      <Filter>Pieces</Filter>
    </ClCompile>
    <ClCompile Include="TetrominoL.cpp">
      <Filter>Pieces</Filter>
    </ClCompile>
    <ClCompile Include="TetrominoO.cpp">
      <Filter>Pieces</Filter>
    </ClCompile>
    <ClCompile Include="TetrominoS.cpp">
      <Filter>Pieces</Filter>
    </ClCompile>
    <ClCompile Include="TetrominoT.cpp">
      <Filter>Pieces</Filter>
    </ClCompile>
    <ClCompile Include="TetrominoZ.cpp">
      <Filter>Pieces</Filter>
    </ClCompile>
    <ClCompile Include="ScoreKeeper.cpp">
      <Filter>Game</Filter>
    </ClCompile>
    <ClCompile Include="RandomizedBag.cpp">
      <Filter>Game</Filter>
    </ClCompile>
    <ClCompile Include="Move.cpp">
      <Filter>Game</Filter>
    </ClCompile>
    <ClCompile Include="Game.cpp">
      <Filter>Game</Filter>
    </ClCompile>
    <ClCompile Include="KeyboardController.cpp">
      <Filter>Controller</Filter>
    </ClCompile>
    <ClCompile Include="ControllerBase.cpp">
      <Filter>Controller</Filter>
    </ClCompile>
    <ClCompile Include="Board.cpp">
      <Filter>Game</Filter>
    </ClCompile>
    <ClCompile Include="Matrix.cpp">
      <Filter>Pieces</Filter>
    </ClCompile>
    <ClCompile Include="MoveStatePair.cpp">
      <Filter>Source Files</Filter>
    </ClCompile>
    <ClCompile Include="GamePlayer.cpp">
      <Filter>Game</Filter>
    </ClCompile>
  </ItemGroup>
  <ItemGroup>
    <Text Include="Notes.txt" />
  </ItemGroup>
</Project>